// !$*UTF8*$!
{
	archiveVersion = 1;
	classes = {
	};
	objectVersion = 46;
	objects = {

/* Begin PBXBuildFile section */
		02CEF5FF198530A900A9B309 /* AppDelegate.swift in Sources */ = {isa = PBXBuildFile; fileRef = 02CEF5FE198530A900A9B309 /* AppDelegate.swift */; };
		02CEF601198530A900A9B309 /* ViewController.swift in Sources */ = {isa = PBXBuildFile; fileRef = 02CEF600198530A900A9B309 /* ViewController.swift */; };
		02CEF604198530A900A9B309 /* Main.storyboard in Resources */ = {isa = PBXBuildFile; fileRef = 02CEF602198530A900A9B309 /* Main.storyboard */; };
		02CEF606198530A900A9B309 /* Images.xcassets in Resources */ = {isa = PBXBuildFile; fileRef = 02CEF605198530A900A9B309 /* Images.xcassets */; };
		02CEF612198530A900A9B309 /* BillsManagerTests.swift in Sources */ = {isa = PBXBuildFile; fileRef = 02CEF611198530A900A9B309 /* BillsManagerTests.swift */; };
		02CEF62E198531DD00A9B309 /* AddBillViewController.swift in Sources */ = {isa = PBXBuildFile; fileRef = 02CEF61C198531DD00A9B309 /* AddBillViewController.swift */; };
		02CEF62F198531DD00A9B309 /* AddUserViewController.swift in Sources */ = {isa = PBXBuildFile; fileRef = 02CEF61D198531DD00A9B309 /* AddUserViewController.swift */; };
		02CEF630198531DE00A9B309 /* BillsViewController.swift in Sources */ = {isa = PBXBuildFile; fileRef = 02CEF61E198531DD00A9B309 /* BillsViewController.swift */; };
		02CEF631198531DE00A9B309 /* SearchOptionsViewController.swift in Sources */ = {isa = PBXBuildFile; fileRef = 02CEF61F198531DD00A9B309 /* SearchOptionsViewController.swift */; };
		02CEF632198531DE00A9B309 /* SearchResultsViewController.swift in Sources */ = {isa = PBXBuildFile; fileRef = 02CEF620198531DD00A9B309 /* SearchResultsViewController.swift */; };
		02CEF633198531DE00A9B309 /* SearchViewController.swift in Sources */ = {isa = PBXBuildFile; fileRef = 02CEF621198531DD00A9B309 /* SearchViewController.swift */; };
		02CEF634198531DE00A9B309 /* StatisticsDetailsViewController.swift in Sources */ = {isa = PBXBuildFile; fileRef = 02CEF622198531DD00A9B309 /* StatisticsDetailsViewController.swift */; };
		02CEF635198531DE00A9B309 /* StatisticsViewController.swift in Sources */ = {isa = PBXBuildFile; fileRef = 02CEF623198531DD00A9B309 /* StatisticsViewController.swift */; };
		02CEF636198531DE00A9B309 /* UsersTableViewController.swift in Sources */ = {isa = PBXBuildFile; fileRef = 02CEF624198531DD00A9B309 /* UsersTableViewController.swift */; };
		02CEF637198531DE00A9B309 /* UtilityMethods.swift in Sources */ = {isa = PBXBuildFile; fileRef = 02CEF625198531DD00A9B309 /* UtilityMethods.swift */; };
		02CEF638198531DE00A9B309 /* CustomCellSearchResults.swift in Sources */ = {isa = PBXBuildFile; fileRef = 02CEF627198531DD00A9B309 /* CustomCellSearchResults.swift */; };
		02CEF646198537BB00A9B309 /* Icon_AddUser.png in Resources */ = {isa = PBXBuildFile; fileRef = 02CEF63F198537BB00A9B309 /* Icon_AddUser.png */; };
		02CEF647198537BB00A9B309 /* Icon_Bill.png in Resources */ = {isa = PBXBuildFile; fileRef = 02CEF640198537BB00A9B309 /* Icon_Bill.png */; };
		02CEF648198537BB00A9B309 /* Icon_Search.png in Resources */ = {isa = PBXBuildFile; fileRef = 02CEF641198537BB00A9B309 /* Icon_Search.png */; };
		02CEF649198537BB00A9B309 /* Icon_Stats.png in Resources */ = {isa = PBXBuildFile; fileRef = 02CEF642198537BB00A9B309 /* Icon_Stats.png */; };
		02CEF64A198537BB00A9B309 /* IconElectricity.jpg in Resources */ = {isa = PBXBuildFile; fileRef = 02CEF643198537BB00A9B309 /* IconElectricity.jpg */; };
		02CEF64B198537BB00A9B309 /* IconGas.jpeg in Resources */ = {isa = PBXBuildFile; fileRef = 02CEF644198537BB00A9B309 /* IconGas.jpeg */; };
		02CEF64C198537BB00A9B309 /* IconWater.png in Resources */ = {isa = PBXBuildFile; fileRef = 02CEF645198537BB00A9B309 /* IconWater.png */; };
		02CEF64E19853C8200A9B309 /* BGMain.jpg in Resources */ = {isa = PBXBuildFile; fileRef = 02CEF64D19853C8200A9B309 /* BGMain.jpg */; };
		02CEF650198540A800A9B309 /* BGAddUser.jpg in Resources */ = {isa = PBXBuildFile; fileRef = 02CEF64F198540A800A9B309 /* BGAddUser.jpg */; };
		02CEF652198543A000A9B309 /* BGAddBills.jpg in Resources */ = {isa = PBXBuildFile; fileRef = 02CEF651198543A000A9B309 /* BGAddBills.jpg */; };
		02CEF6541985450700A9B309 /* BGStats.jpg in Resources */ = {isa = PBXBuildFile; fileRef = 02CEF6531985450700A9B309 /* BGStats.jpg */; };
		02CEF6561985461600A9B309 /* BGSearch.jpg in Resources */ = {isa = PBXBuildFile; fileRef = 02CEF6551985461600A9B309 /* BGSearch.jpg */; };
		02CEF6581985478400A9B309 /* BGNumbers.jpg in Resources */ = {isa = PBXBuildFile; fileRef = 02CEF6571985478400A9B309 /* BGNumbers.jpg */; };
/* End PBXBuildFile section */

/* Begin PBXContainerItemProxy section */
		02CEF60C198530A900A9B309 /* PBXContainerItemProxy */ = {
			isa = PBXContainerItemProxy;
			containerPortal = 02CEF5F1198530A900A9B309 /* Project object */;
			proxyType = 1;
			remoteGlobalIDString = 02CEF5F8198530A900A9B309;
			remoteInfo = BillsManager;
		};
/* End PBXContainerItemProxy section */

/* Begin PBXFileReference section */
		02CEF5F9198530A900A9B309 /* BillsManager.app */ = {isa = PBXFileReference; explicitFileType = wrapper.application; includeInIndex = 0; path = BillsManager.app; sourceTree = BUILT_PRODUCTS_DIR; };
		02CEF5FD198530A900A9B309 /* Info.plist */ = {isa = PBXFileReference; lastKnownFileType = text.plist.xml; path = Info.plist; sourceTree = "<group>"; };
		02CEF5FE198530A900A9B309 /* AppDelegate.swift */ = {isa = PBXFileReference; lastKnownFileType = sourcecode.swift; path = AppDelegate.swift; sourceTree = "<group>"; };
		02CEF600198530A900A9B309 /* ViewController.swift */ = {isa = PBXFileReference; lastKnownFileType = sourcecode.swift; path = ViewController.swift; sourceTree = "<group>"; };
		02CEF603198530A900A9B309 /* Base */ = {isa = PBXFileReference; lastKnownFileType = file.storyboard; name = Base; path = Base.lproj/Main.storyboard; sourceTree = "<group>"; };
		02CEF605198530A900A9B309 /* Images.xcassets */ = {isa = PBXFileReference; lastKnownFileType = folder.assetcatalog; path = Images.xcassets; sourceTree = "<group>"; };
		02CEF60B198530A900A9B309 /* BillsManagerTests.xctest */ = {isa = PBXFileReference; explicitFileType = wrapper.cfbundle; includeInIndex = 0; path = BillsManagerTests.xctest; sourceTree = BUILT_PRODUCTS_DIR; };
		02CEF610198530A900A9B309 /* Info.plist */ = {isa = PBXFileReference; lastKnownFileType = text.plist.xml; path = Info.plist; sourceTree = "<group>"; };
		02CEF611198530A900A9B309 /* BillsManagerTests.swift */ = {isa = PBXFileReference; lastKnownFileType = sourcecode.swift; path = BillsManagerTests.swift; sourceTree = "<group>"; };
		02CEF61C198531DD00A9B309 /* AddBillViewController.swift */ = {isa = PBXFileReference; fileEncoding = 4; lastKnownFileType = sourcecode.swift; path = AddBillViewController.swift; sourceTree = "<group>"; };
		02CEF61D198531DD00A9B309 /* AddUserViewController.swift */ = {isa = PBXFileReference; fileEncoding = 4; lastKnownFileType = sourcecode.swift; path = AddUserViewController.swift; sourceTree = "<group>"; };
		02CEF61E198531DD00A9B309 /* BillsViewController.swift */ = {isa = PBXFileReference; fileEncoding = 4; lastKnownFileType = sourcecode.swift; path = BillsViewController.swift; sourceTree = "<group>"; };
		02CEF61F198531DD00A9B309 /* SearchOptionsViewController.swift */ = {isa = PBXFileReference; fileEncoding = 4; lastKnownFileType = sourcecode.swift; path = SearchOptionsViewController.swift; sourceTree = "<group>"; };
		02CEF620198531DD00A9B309 /* SearchResultsViewController.swift */ = {isa = PBXFileReference; fileEncoding = 4; lastKnownFileType = sourcecode.swift; path = SearchResultsViewController.swift; sourceTree = "<group>"; };
		02CEF621198531DD00A9B309 /* SearchViewController.swift */ = {isa = PBXFileReference; fileEncoding = 4; lastKnownFileType = sourcecode.swift; path = SearchViewController.swift; sourceTree = "<group>"; };
		02CEF622198531DD00A9B309 /* StatisticsDetailsViewController.swift */ = {isa = PBXFileReference; fileEncoding = 4; lastKnownFileType = sourcecode.swift; path = StatisticsDetailsViewController.swift; sourceTree = "<group>"; };
		02CEF623198531DD00A9B309 /* StatisticsViewController.swift */ = {isa = PBXFileReference; fileEncoding = 4; lastKnownFileType = sourcecode.swift; path = StatisticsViewController.swift; sourceTree = "<group>"; };
		02CEF624198531DD00A9B309 /* UsersTableViewController.swift */ = {isa = PBXFileReference; fileEncoding = 4; lastKnownFileType = sourcecode.swift; path = UsersTableViewController.swift; sourceTree = "<group>"; };
		02CEF625198531DD00A9B309 /* UtilityMethods.swift */ = {isa = PBXFileReference; fileEncoding = 4; lastKnownFileType = sourcecode.swift; path = UtilityMethods.swift; sourceTree = "<group>"; };
		02CEF627198531DD00A9B309 /* CustomCellSearchResults.swift */ = {isa = PBXFileReference; fileEncoding = 4; lastKnownFileType = sourcecode.swift; path = CustomCellSearchResults.swift; sourceTree = "<group>"; };
		02CEF63F198537BB00A9B309 /* Icon_AddUser.png */ = {isa = PBXFileReference; lastKnownFileType = image.png; path = Icon_AddUser.png; sourceTree = "<group>"; };
		02CEF640198537BB00A9B309 /* Icon_Bill.png */ = {isa = PBXFileReference; lastKnownFileType = image.png; path = Icon_Bill.png; sourceTree = "<group>"; };
		02CEF641198537BB00A9B309 /* Icon_Search.png */ = {isa = PBXFileReference; lastKnownFileType = image.png; path = Icon_Search.png; sourceTree = "<group>"; };
		02CEF642198537BB00A9B309 /* Icon_Stats.png */ = {isa = PBXFileReference; lastKnownFileType = image.png; path = Icon_Stats.png; sourceTree = "<group>"; };
		02CEF643198537BB00A9B309 /* IconElectricity.jpg */ = {isa = PBXFileReference; lastKnownFileType = image.jpeg; path = IconElectricity.jpg; sourceTree = "<group>"; };
		02CEF644198537BB00A9B309 /* IconGas.jpeg */ = {isa = PBXFileReference; lastKnownFileType = image.jpeg; path = IconGas.jpeg; sourceTree = "<group>"; };
		02CEF645198537BB00A9B309 /* IconWater.png */ = {isa = PBXFileReference; lastKnownFileType = image.png; path = IconWater.png; sourceTree = "<group>"; };
		02CEF64D19853C8200A9B309 /* BGMain.jpg */ = {isa = PBXFileReference; lastKnownFileType = image.jpeg; path = BGMain.jpg; sourceTree = "<group>"; };
		02CEF64F198540A800A9B309 /* BGAddUser.jpg */ = {isa = PBXFileReference; lastKnownFileType = image.jpeg; path = BGAddUser.jpg; sourceTree = "<group>"; };
		02CEF651198543A000A9B309 /* BGAddBills.jpg */ = {isa = PBXFileReference; lastKnownFileType = image.jpeg; path = BGAddBills.jpg; sourceTree = "<group>"; };
		02CEF6531985450700A9B309 /* BGStats.jpg */ = {isa = PBXFileReference; lastKnownFileType = image.jpeg; path = BGStats.jpg; sourceTree = "<group>"; };
		02CEF6551985461600A9B309 /* BGSearch.jpg */ = {isa = PBXFileReference; lastKnownFileType = image.jpeg; path = BGSearch.jpg; sourceTree = "<group>"; };
		02CEF6571985478400A9B309 /* BGNumbers.jpg */ = {isa = PBXFileReference; lastKnownFileType = image.jpeg; path = BGNumbers.jpg; sourceTree = "<group>"; };
/* End PBXFileReference section */

/* Begin PBXFrameworksBuildPhase section */
		02CEF5F6198530A900A9B309 /* Frameworks */ = {
			isa = PBXFrameworksBuildPhase;
			buildActionMask = 2147483647;
			files = (
			);
			runOnlyForDeploymentPostprocessing = 0;
		};
		02CEF608198530A900A9B309 /* Frameworks */ = {
			isa = PBXFrameworksBuildPhase;
			buildActionMask = 2147483647;
			files = (
			);
			runOnlyForDeploymentPostprocessing = 0;
		};
/* End PBXFrameworksBuildPhase section */

/* Begin PBXGroup section */
		02CEF5F0198530A900A9B309 = {
			isa = PBXGroup;
			children = (
				02CEF63E198537BB00A9B309 /* Graphics */,
				02CEF61B198531DD00A9B309 /* Classes */,
				02CEF626198531DD00A9B309 /* CustomViews */,
				02CEF5FB198530A900A9B309 /* BillsManager */,
				02CEF60E198530A900A9B309 /* BillsManagerTests */,
				02CEF5FA198530A900A9B309 /* Products */,
			);
			sourceTree = "<group>";
		};
		02CEF5FA198530A900A9B309 /* Products */ = {
			isa = PBXGroup;
			children = (
				02CEF5F9198530A900A9B309 /* BillsManager.app */,
				02CEF60B198530A900A9B309 /* BillsManagerTests.xctest */,
			);
			name = Products;
			sourceTree = "<group>";
		};
		02CEF5FB198530A900A9B309 /* BillsManager */ = {
			isa = PBXGroup;
			children = (
				02CEF5FE198530A900A9B309 /* AppDelegate.swift */,
				02CEF600198530A900A9B309 /* ViewController.swift */,
				02CEF602198530A900A9B309 /* Main.storyboard */,
				02CEF605198530A900A9B309 /* Images.xcassets */,
				02CEF5FC198530A900A9B309 /* Supporting Files */,
			);
			path = BillsManager;
			sourceTree = "<group>";
		};
		02CEF5FC198530A900A9B309 /* Supporting Files */ = {
			isa = PBXGroup;
			children = (
				02CEF5FD198530A900A9B309 /* Info.plist */,
			);
			name = "Supporting Files";
			sourceTree = "<group>";
		};
		02CEF60E198530A900A9B309 /* BillsManagerTests */ = {
			isa = PBXGroup;
			children = (
				02CEF611198530A900A9B309 /* BillsManagerTests.swift */,
				02CEF60F198530A900A9B309 /* Supporting Files */,
			);
			path = BillsManagerTests;
			sourceTree = "<group>";
		};
		02CEF60F198530A900A9B309 /* Supporting Files */ = {
			isa = PBXGroup;
			children = (
				02CEF610198530A900A9B309 /* Info.plist */,
			);
			name = "Supporting Files";
			sourceTree = "<group>";
		};
		02CEF61B198531DD00A9B309 /* Classes */ = {
			isa = PBXGroup;
			children = (
				02CEF61C198531DD00A9B309 /* AddBillViewController.swift */,
				02CEF61D198531DD00A9B309 /* AddUserViewController.swift */,
				02CEF61E198531DD00A9B309 /* BillsViewController.swift */,
				02CEF61F198531DD00A9B309 /* SearchOptionsViewController.swift */,
				02CEF620198531DD00A9B309 /* SearchResultsViewController.swift */,
				02CEF621198531DD00A9B309 /* SearchViewController.swift */,
				02CEF622198531DD00A9B309 /* StatisticsDetailsViewController.swift */,
				02CEF623198531DD00A9B309 /* StatisticsViewController.swift */,
				02CEF624198531DD00A9B309 /* UsersTableViewController.swift */,
				02CEF625198531DD00A9B309 /* UtilityMethods.swift */,
			);
			name = Classes;
			path = BillsManager/Classes;
			sourceTree = "<group>";
		};
		02CEF626198531DD00A9B309 /* CustomViews */ = {
			isa = PBXGroup;
			children = (
				02CEF627198531DD00A9B309 /* CustomCellSearchResults.swift */,
			);
			name = CustomViews;
			path = BillsManager/CustomViews;
			sourceTree = "<group>";
		};
		02CEF63E198537BB00A9B309 /* Graphics */ = {
			isa = PBXGroup;
			children = (
				02CEF6571985478400A9B309 /* BGNumbers.jpg */,
				02CEF6551985461600A9B309 /* BGSearch.jpg */,
				02CEF651198543A000A9B309 /* BGAddBills.jpg */,
				02CEF6531985450700A9B309 /* BGStats.jpg */,
				02CEF64D19853C8200A9B309 /* BGMain.jpg */,
				02CEF64F198540A800A9B309 /* BGAddUser.jpg */,
				02CEF63F198537BB00A9B309 /* Icon_AddUser.png */,
				02CEF640198537BB00A9B309 /* Icon_Bill.png */,
				02CEF641198537BB00A9B309 /* Icon_Search.png */,
				02CEF642198537BB00A9B309 /* Icon_Stats.png */,
				02CEF643198537BB00A9B309 /* IconElectricity.jpg */,
				02CEF644198537BB00A9B309 /* IconGas.jpeg */,
				02CEF645198537BB00A9B309 /* IconWater.png */,
			);
			name = Graphics;
			path = BillsManager/Graphics;
			sourceTree = "<group>";
		};
/* End PBXGroup section */

/* Begin PBXNativeTarget section */
		02CEF5F8198530A900A9B309 /* BillsManager */ = {
			isa = PBXNativeTarget;
			buildConfigurationList = 02CEF615198530A900A9B309 /* Build configuration list for PBXNativeTarget "BillsManager" */;
			buildPhases = (
				02CEF5F5198530A900A9B309 /* Sources */,
				02CEF5F6198530A900A9B309 /* Frameworks */,
				02CEF5F7198530A900A9B309 /* Resources */,
			);
			buildRules = (
			);
			dependencies = (
			);
			name = BillsManager;
			productName = BillsManager;
			productReference = 02CEF5F9198530A900A9B309 /* BillsManager.app */;
			productType = "com.apple.product-type.application";
		};
		02CEF60A198530A900A9B309 /* BillsManagerTests */ = {
			isa = PBXNativeTarget;
			buildConfigurationList = 02CEF618198530A900A9B309 /* Build configuration list for PBXNativeTarget "BillsManagerTests" */;
			buildPhases = (
				02CEF607198530A900A9B309 /* Sources */,
				02CEF608198530A900A9B309 /* Frameworks */,
				02CEF609198530A900A9B309 /* Resources */,
			);
			buildRules = (
			);
			dependencies = (
				02CEF60D198530A900A9B309 /* PBXTargetDependency */,
			);
			name = BillsManagerTests;
			productName = BillsManagerTests;
			productReference = 02CEF60B198530A900A9B309 /* BillsManagerTests.xctest */;
			productType = "com.apple.product-type.bundle.unit-test";
		};
/* End PBXNativeTarget section */

/* Begin PBXProject section */
		02CEF5F1198530A900A9B309 /* Project object */ = {
			isa = PBXProject;
			attributes = {
				LastUpgradeCheck = 0600;
				ORGANIZATIONNAME = "Muhammad Nasir";
				TargetAttributes = {
					02CEF5F8198530A900A9B309 = {
						CreatedOnToolsVersion = 6.0;
					};
					02CEF60A198530A900A9B309 = {
						CreatedOnToolsVersion = 6.0;
						TestTargetID = 02CEF5F8198530A900A9B309;
					};
				};
			};
			buildConfigurationList = 02CEF5F4198530A900A9B309 /* Build configuration list for PBXProject "BillsManager" */;
			compatibilityVersion = "Xcode 3.2";
			developmentRegion = English;
			hasScannedForEncodings = 0;
			knownRegions = (
				en,
				Base,
			);
			mainGroup = 02CEF5F0198530A900A9B309;
			productRefGroup = 02CEF5FA198530A900A9B309 /* Products */;
			projectDirPath = "";
			projectRoot = "";
			targets = (
				02CEF5F8198530A900A9B309 /* BillsManager */,
				02CEF60A198530A900A9B309 /* BillsManagerTests */,
			);
		};
/* End PBXProject section */

/* Begin PBXResourcesBuildPhase section */
		02CEF5F7198530A900A9B309 /* Resources */ = {
			isa = PBXResourcesBuildPhase;
			buildActionMask = 2147483647;
			files = (
				02CEF650198540A800A9B309 /* BGAddUser.jpg in Resources */,
				02CEF652198543A000A9B309 /* BGAddBills.jpg in Resources */,
				02CEF6561985461600A9B309 /* BGSearch.jpg in Resources */,
				02CEF649198537BB00A9B309 /* Icon_Stats.png in Resources */,
				02CEF64A198537BB00A9B309 /* IconElectricity.jpg in Resources */,
				02CEF646198537BB00A9B309 /* Icon_AddUser.png in Resources */,
				02CEF604198530A900A9B309 /* Main.storyboard in Resources */,
				02CEF6581985478400A9B309 /* BGNumbers.jpg in Resources */,
				02CEF64B198537BB00A9B309 /* IconGas.jpeg in Resources */,
				02CEF64E19853C8200A9B309 /* BGMain.jpg in Resources */,
				02CEF6541985450700A9B309 /* BGStats.jpg in Resources */,
				02CEF606198530A900A9B309 /* Images.xcassets in Resources */,
				02CEF647198537BB00A9B309 /* Icon_Bill.png in Resources */,
				02CEF64C198537BB00A9B309 /* IconWater.png in Resources */,
				02CEF648198537BB00A9B309 /* Icon_Search.png in Resources */,
			);
			runOnlyForDeploymentPostprocessing = 0;
		};
		02CEF609198530A900A9B309 /* Resources */ = {
			isa = PBXResourcesBuildPhase;
			buildActionMask = 2147483647;
			files = (
			);
			runOnlyForDeploymentPostprocessing = 0;
		};
/* End PBXResourcesBuildPhase section */

/* Begin PBXSourcesBuildPhase section */
		02CEF5F5198530A900A9B309 /* Sources */ = {
			isa = PBXSourcesBuildPhase;
			buildActionMask = 2147483647;
			files = (
				02CEF601198530A900A9B309 /* ViewController.swift in Sources */,
				02CEF635198531DE00A9B309 /* StatisticsViewController.swift in Sources */,
				02CEF62F198531DD00A9B309 /* AddUserViewController.swift in Sources */,
				02CEF633198531DE00A9B309 /* SearchViewController.swift in Sources */,
				02CEF630198531DE00A9B309 /* BillsViewController.swift in Sources */,
				02CEF636198531DE00A9B309 /* UsersTableViewController.swift in Sources */,
				02CEF631198531DE00A9B309 /* SearchOptionsViewController.swift in Sources */,
				02CEF5FF198530A900A9B309 /* AppDelegate.swift in Sources */,
				02CEF638198531DE00A9B309 /* CustomCellSearchResults.swift in Sources */,
				02CEF632198531DE00A9B309 /* SearchResultsViewController.swift in Sources */,
				02CEF62E198531DD00A9B309 /* AddBillViewController.swift in Sources */,
				02CEF634198531DE00A9B309 /* StatisticsDetailsViewController.swift in Sources */,
				02CEF637198531DE00A9B309 /* UtilityMethods.swift in Sources */,
			);
			runOnlyForDeploymentPostprocessing = 0;
		};
		02CEF607198530A900A9B309 /* Sources */ = {
			isa = PBXSourcesBuildPhase;
			buildActionMask = 2147483647;
			files = (
				02CEF612198530A900A9B309 /* BillsManagerTests.swift in Sources */,
			);
			runOnlyForDeploymentPostprocessing = 0;
		};
/* End PBXSourcesBuildPhase section */

/* Begin PBXTargetDependency section */
		02CEF60D198530A900A9B309 /* PBXTargetDependency */ = {
			isa = PBXTargetDependency;
			target = 02CEF5F8198530A900A9B309 /* BillsManager */;
			targetProxy = 02CEF60C198530A900A9B309 /* PBXContainerItemProxy */;
		};
/* End PBXTargetDependency section */

/* Begin PBXVariantGroup section */
		02CEF602198530A900A9B309 /* Main.storyboard */ = {
			isa = PBXVariantGroup;
			children = (
				02CEF603198530A900A9B309 /* Base */,
			);
			name = Main.storyboard;
			sourceTree = "<group>";
		};
/* End PBXVariantGroup section */

/* Begin XCBuildConfiguration section */
		02CEF613198530A900A9B309 /* Debug */ = {
			isa = XCBuildConfiguration;
			buildSettings = {
				ALWAYS_SEARCH_USER_PATHS = NO;
				CLANG_CXX_LANGUAGE_STANDARD = "gnu++0x";
				CLANG_CXX_LIBRARY = "libc++";
				CLANG_ENABLE_MODULES = YES;
				CLANG_ENABLE_OBJC_ARC = YES;
				CLANG_WARN_BOOL_CONVERSION = YES;
				CLANG_WARN_CONSTANT_CONVERSION = YES;
				CLANG_WARN_DIRECT_OBJC_ISA_USAGE = YES_ERROR;
				CLANG_WARN_EMPTY_BODY = YES;
				CLANG_WARN_ENUM_CONVERSION = YES;
				CLANG_WARN_INT_CONVERSION = YES;
				CLANG_WARN_OBJC_ROOT_CLASS = YES_ERROR;
				CLANG_WARN_UNREACHABLE_CODE = YES;
				CLANG_WARN__DUPLICATE_METHOD_MATCH = YES;
				"CODE_SIGN_IDENTITY[sdk=iphoneos*]" = "iPhone Developer";
				COPY_PHASE_STRIP = NO;
				ENABLE_STRICT_OBJC_MSGSEND = YES;
				GCC_C_LANGUAGE_STANDARD = gnu99;
				GCC_DYNAMIC_NO_PIC = NO;
				GCC_OPTIMIZATION_LEVEL = 0;
				GCC_PREPROCESSOR_DEFINITIONS = (
					"DEBUG=1",
					"$(inherited)",
				);
				GCC_SYMBOLS_PRIVATE_EXTERN = NO;
				GCC_WARN_64_TO_32_BIT_CONVERSION = YES;
				GCC_WARN_ABOUT_RETURN_TYPE = YES_ERROR;
				GCC_WARN_UNDECLARED_SELECTOR = YES;
				GCC_WARN_UNINITIALIZED_AUTOS = YES_AGGRESSIVE;
				GCC_WARN_UNUSED_FUNCTION = YES;
				GCC_WARN_UNUSED_VARIABLE = YES;
				IPHONEOS_DEPLOYMENT_TARGET = 8.0;
				MTL_ENABLE_DEBUG_INFO = YES;
				ONLY_ACTIVE_ARCH = YES;
				SDKROOT = iphoneos;
				SWIFT_OPTIMIZATION_LEVEL = "-Onone";
			};
			name = Debug;
		};
		02CEF614198530A900A9B309 /* Release */ = {
			isa = XCBuildConfiguration;
			buildSettings = {
				ALWAYS_SEARCH_USER_PATHS = NO;
				CLANG_CXX_LANGUAGE_STANDARD = "gnu++0x";
				CLANG_CXX_LIBRARY = "libc++";
				CLANG_ENABLE_MODULES = YES;
				CLANG_ENABLE_OBJC_ARC = YES;
				CLANG_WARN_BOOL_CONVERSION = YES;
				CLANG_WARN_CONSTANT_CONVERSION = YES;
				CLANG_WARN_DIRECT_OBJC_ISA_USAGE = YES_ERROR;
				CLANG_WARN_EMPTY_BODY = YES;
				CLANG_WARN_ENUM_CONVERSION = YES;
				CLANG_WARN_INT_CONVERSION = YES;
				CLANG_WARN_OBJC_ROOT_CLASS = YES_ERROR;
				CLANG_WARN_UNREACHABLE_CODE = YES;
				CLANG_WARN__DUPLICATE_METHOD_MATCH = YES;
				"CODE_SIGN_IDENTITY[sdk=iphoneos*]" = "iPhone Developer";
				COPY_PHASE_STRIP = YES;
				ENABLE_NS_ASSERTIONS = NO;
				ENABLE_STRICT_OBJC_MSGSEND = YES;
				GCC_C_LANGUAGE_STANDARD = gnu99;
				GCC_WARN_64_TO_32_BIT_CONVERSION = YES;
				GCC_WARN_ABOUT_RETURN_TYPE = YES_ERROR;
				GCC_WARN_UNDECLARED_SELECTOR = YES;
				GCC_WARN_UNINITIALIZED_AUTOS = YES_AGGRESSIVE;
				GCC_WARN_UNUSED_FUNCTION = YES;
				GCC_WARN_UNUSED_VARIABLE = YES;
				IPHONEOS_DEPLOYMENT_TARGET = 8.0;
				MTL_ENABLE_DEBUG_INFO = NO;
				SDKROOT = iphoneos;
				VALIDATE_PRODUCT = YES;
			};
			name = Release;
		};
		02CEF616198530A900A9B309 /* Debug */ = {
			isa = XCBuildConfiguration;
			buildSettings = {
				ASSETCATALOG_COMPILER_APPICON_NAME = AppIcon;
				ASSETCATALOG_COMPILER_LAUNCHIMAGE_NAME = LaunchImage;
				INFOPLIST_FILE = BillsManager/Info.plist;
				LD_RUNPATH_SEARCH_PATHS = "$(inherited) @executable_path/Frameworks";
				PRODUCT_NAME = "$(TARGET_NAME)";
			};
			name = Debug;
		};
		02CEF617198530A900A9B309 /* Release */ = {
			isa = XCBuildConfiguration;
			buildSettings = {
				ASSETCATALOG_COMPILER_APPICON_NAME = AppIcon;
				ASSETCATALOG_COMPILER_LAUNCHIMAGE_NAME = LaunchImage;
				INFOPLIST_FILE = BillsManager/Info.plist;
				LD_RUNPATH_SEARCH_PATHS = "$(inherited) @executable_path/Frameworks";
				PRODUCT_NAME = "$(TARGET_NAME)";
			};
			name = Release;
		};
		02CEF619198530A900A9B309 /* Debug */ = {
			isa = XCBuildConfiguration;
			buildSettings = {
				BUNDLE_LOADER = "$(BUILT_PRODUCTS_DIR)/BillsManager.app/BillsManager";
				FRAMEWORK_SEARCH_PATHS = (
					"$(SDKROOT)/Developer/Library/Frameworks",
					"$(inherited)",
				);
				GCC_PREPROCESSOR_DEFINITIONS = (
					"DEBUG=1",
					"$(inherited)",
				);
				INFOPLIST_FILE = BillsManagerTests/Info.plist;
				LD_RUNPATH_SEARCH_PATHS = "$(inherited) @executable_path/Frameworks @loader_path/Frameworks";
				PRODUCT_NAME = "$(TARGET_NAME)";
				TEST_HOST = "$(BUNDLE_LOADER)";
			};
			name = Debug;
		};
		02CEF61A198530A900A9B309 /* Release */ = {
			isa = XCBuildConfiguration;
			buildSettings = {
				BUNDLE_LOADER = "$(BUILT_PRODUCTS_DIR)/BillsManager.app/BillsManager";
				FRAMEWORK_SEARCH_PATHS = (
					"$(SDKROOT)/Developer/Library/Frameworks",
					"$(inherited)",
				);
				INFOPLIST_FILE = BillsManagerTests/Info.plist;
				LD_RUNPATH_SEARCH_PATHS = "$(inherited) @executable_path/Frameworks @loader_path/Frameworks";
				PRODUCT_NAME = "$(TARGET_NAME)";
				TEST_HOST = "$(BUNDLE_LOADER)";
			};
			name = Release;
		};
/* End XCBuildConfiguration section */

/* Begin XCConfigurationList section */
		02CEF5F4198530A900A9B309 /* Build configuration list for PBXProject "BillsManager" */ = {
			isa = XCConfigurationList;
			buildConfigurations = (
				02CEF613198530A900A9B309 /* Debug */,
				02CEF614198530A900A9B309 /* Release */,
			);
			defaultConfigurationIsVisible = 0;
			defaultConfigurationName = Release;
		};
		02CEF615198530A900A9B309 /* Build configuration list for PBXNativeTarget "BillsManager" */ = {
			isa = XCConfigurationList;
			buildConfigurations = (
				02CEF616198530A900A9B309 /* Debug */,
				02CEF617198530A900A9B309 /* Release */,
			);
			defaultConfigurationIsVisible = 0;
		};
		02CEF618198530A900A9B309 /* Build configuration list for PBXNativeTarget "BillsManagerTests" */ = {
			isa = XCConfigurationList;
			buildConfigurations = (
				02CEF619198530A900A9B309 /* Debug */,
				02CEF61A198530A900A9B309 /* Release */,
			);
			defaultConfigurationIsVisible = 0;
		};
/* End XCConfigurationList section */
	};
	rootObject = 02CEF5F1198530A900A9B309 /* Project object */;
}
